
Microsoft Visual Studio Solution File, Format Version 12.00
# Visual Studio 15
VisualStudioVersion = 15.0.27703.2035
MinimumVisualStudioVersion = 10.0.40219.1
Project("{FAE04EC0-301F-11D3-BF4B-00C04F79EFBC}") = "DotaPlusPlus", "DotaPlusPlus\DotaPlusPlus.csproj", "{7104D6FE-0673-4169-9759-20F94F64113C}"
EndProject
Global
	GlobalSection(SolutionConfigurationPlatforms) = preSolution
		Debug|Any CPU = Debug|Any CPU
		Release|Any CPU = Release|Any CPU
	EndGlobalSection
	GlobalSection(ProjectConfigurationPlatforms) = postSolution
		{7104D6FE-0673-4169-9759-20F94F64113C}.Debug|Any CPU.ActiveCfg = Debug|Any CPU
		{7104D6FE-0673-4169-9759-20F94F64113C}.Debug|Any CPU.Build.0 = Debug|Any CPU
		{7104D6FE-0673-4169-9759-20F94F64113C}.Release|Any CPU.ActiveCfg = Release|Any CPU
		{7104D6FE-0673-4169-9759-20F94F64113C}.Release|Any CPU.Build.0 = Release|Any CPU
	EndGlobalSection
	GlobalSection(SolutionProperties) = preSolution
		HideSolutionNode = FALSE
	EndGlobalSection
	GlobalSection(ExtensibilityGlobals) = postSolution
		SolutionGuid = {65B4C180-D418-47C0-8EEB-91F11E794432}
	EndGlobalSection
EndGlobal
